
Microsoft Visual Studio Solution File, Format Version 12.00
# Visual Studio Version 17
VisualStudioVersion = 17.1.32328.378
MinimumVisualStudioVersion = 10.0.40219.1
Project("{8BC9CEB8-8B4A-11D0-8D11-00A0C91BC942}") = "VulkanEngine", "VulkanEngine.vcxproj", "{45ECF673-9805-4E5A-870A-4541D4509DC0}"
EndProject
Global
	GlobalSection(SolutionConfigurationPlatforms) = preSolution
		Debug|x64 = Debug|x64
		Debug|x86 = Debug|x86
		Release|x64 = Release|x64
		Release|x86 = Release|x86
	EndGlobalSection
	GlobalSection(ProjectConfigurationPlatforms) = postSolution
		{45ECF673-9805-4E5A-870A-4541D4509DC0}.Debug|x64.ActiveCfg = Debug|x64
		{45ECF673-9805-4E5A-870A-4541D4509DC0}.Debug|x64.Build.0 = Debug|x64
		{45ECF673-9805-4E5A-870A-4541D4509DC0}.Debug|x86.ActiveCfg = Debug|Win32
		{45ECF673-9805-4E5A-870A-4541D4509DC0}.Debug|x86.Build.0 = Debug|Win32
		{45ECF673-9805-4E5A-870A-4541D4509DC0}.Release|x64.ActiveCfg = Release|x64
		{45ECF673-9805-4E5A-870A-4541D4509DC0}.Release|x64.Build.0 = Release|x64
		{45ECF673-9805-4E5A-870A-4541D4509DC0}.Release|x86.ActiveCfg = Release|Win32
		{45ECF673-9805-4E5A-870A-4541D4509DC0}.Release|x86.Build.0 = Release|Win32
	EndGlobalSection
	GlobalSection(SolutionProperties) = preSolution
		HideSolutionNode = FALSE
	EndGlobalSection
	GlobalSection(ExtensibilityGlobals) = postSolution
		SolutionGuid = {1498C7BF-DACC-43BE-BC51-659F487C6A0C}
	EndGlobalSection
EndGlobal
